
Microsoft Visual Studio Solution File, Format Version 12.00
# Visual Studio Version 17
VisualStudioVersion = 17.0.32112.339
MinimumVisualStudioVersion = 10.0.40219.1
Project("{FAE04EC0-301F-11D3-BF4B-00C04F79EFBC}") = "PaymentAPI", "PaymentAPI\PaymentAPI.csproj", "{6DF04552-B528-471B-ABFF-E2DEC5F7F99E}"
EndProject
Global
	GlobalSection(SolutionConfigurationPlatforms) = preSolution
		Debug|Any CPU = Debug|Any CPU
		Release|Any CPU = Release|Any CPU
	EndGlobalSection
	GlobalSection(ProjectConfigurationPlatforms) = postSolution
		{6DF04552-B528-471B-ABFF-E2DEC5F7F99E}.Debug|Any CPU.ActiveCfg = Debug|Any CPU
		{6DF04552-B528-471B-ABFF-E2DEC5F7F99E}.Debug|Any CPU.Build.0 = Debug|Any CPU
		{6DF04552-B528-471B-ABFF-E2DEC5F7F99E}.Release|Any CPU.ActiveCfg = Release|Any CPU
		{6DF04552-B528-471B-ABFF-E2DEC5F7F99E}.Release|Any CPU.Build.0 = Release|Any CPU
	EndGlobalSection
	GlobalSection(SolutionProperties) = preSolution
		HideSolutionNode = FALSE
	EndGlobalSection
	GlobalSection(ExtensibilityGlobals) = postSolution
		SolutionGuid = {BD8D58FF-1DD5-412E-956B-24EE1899C13D}
	EndGlobalSection
EndGlobal
